// !$*UTF8*$!
{
	archiveVersion = 1;
	classes = {
	};
	objectVersion = 46;
	objects = {

/* Begin PBXBuildFile section */
		22577E97198F62A100720E8B /* Foundation.framework in Frameworks */ = {isa = PBXBuildFile; fileRef = 22577E96198F62A100720E8B /* Foundation.framework */; };
		22577E99198F62A100720E8B /* CoreGraphics.framework in Frameworks */ = {isa = PBXBuildFile; fileRef = 22577E98198F62A100720E8B /* CoreGraphics.framework */; };
		22577E9B198F62A100720E8B /* UIKit.framework in Frameworks */ = {isa = PBXBuildFile; fileRef = 22577E9A198F62A100720E8B /* UIKit.framework */; };
		22577EA1198F62A100720E8B /* InfoPlist.strings in Resources */ = {isa = PBXBuildFile; fileRef = 22577E9F198F62A100720E8B /* InfoPlist.strings */; };
		22577EA3198F62A100720E8B /* main.m in Sources */ = {isa = PBXBuildFile; fileRef = 22577EA2198F62A100720E8B /* main.m */; };
		22577EA7198F62A100720E8B /* MLAppDelegate.m in Sources */ = {isa = PBXBuildFile; fileRef = 22577EA6198F62A100720E8B /* MLAppDelegate.m */; };
		22577EAA198F62A100720E8B /* Main.storyboard in Resources */ = {isa = PBXBuildFile; fileRef = 22577EA8198F62A100720E8B /* Main.storyboard */; };
		22577EAD198F62A100720E8B /* MLViewController.m in Sources */ = {isa = PBXBuildFile; fileRef = 22577EAC198F62A100720E8B /* MLViewController.m */; };
		22577EAF198F62A100720E8B /* Images.xcassets in Resources */ = {isa = PBXBuildFile; fileRef = 22577EAE198F62A100720E8B /* Images.xcassets */; };
		22577EB6198F62A100720E8B /* XCTest.framework in Frameworks */ = {isa = PBXBuildFile; fileRef = 22577EB5198F62A100720E8B /* XCTest.framework */; };
		22577EB7198F62A100720E8B /* Foundation.framework in Frameworks */ = {isa = PBXBuildFile; fileRef = 22577E96198F62A100720E8B /* Foundation.framework */; };
		22577EB8198F62A100720E8B /* UIKit.framework in Frameworks */ = {isa = PBXBuildFile; fileRef = 22577E9A198F62A100720E8B /* UIKit.framework */; };
		22577EC0198F62A100720E8B /* InfoPlist.strings in Resources */ = {isa = PBXBuildFile; fileRef = 22577EBE198F62A100720E8B /* InfoPlist.strings */; };
		22577EC2198F62A100720E8B /* KVO_DemoTests.m in Sources */ = {isa = PBXBuildFile; fileRef = 22577EC1198F62A100720E8B /* KVO_DemoTests.m */; };
		22577ECD198F62BB00720E8B /* Book.m in Sources */ = {isa = PBXBuildFile; fileRef = 22577ECC198F62BB00720E8B /* Book.m */; };
/* End PBXBuildFile section */

/* Begin PBXContainerItemProxy section */
		22577EB9198F62A100720E8B /* PBXContainerItemProxy */ = {
			isa = PBXContainerItemProxy;
			containerPortal = 22577E8B198F62A100720E8B /* Project object */;
			proxyType = 1;
			remoteGlobalIDString = 22577E92198F62A100720E8B;
			remoteInfo = KVO_Demo;
		};
/* End PBXContainerItemProxy section */

/* Begin PBXFileReference section */
		22577E93198F62A100720E8B /* KVO_Demo.app */ = {isa = PBXFileReference; explicitFileType = wrapper.application; includeInIndex = 0; path = KVO_Demo.app; sourceTree = BUILT_PRODUCTS_DIR; };
		22577E96198F62A100720E8B /* Foundation.framework */ = {isa = PBXFileReference; lastKnownFileType = wrapper.framework; name = Foundation.framework; path = System/Library/Frameworks/Foundation.framework; sourceTree = SDKROOT; };
		22577E98198F62A100720E8B /* CoreGraphics.framework */ = {isa = PBXFileReference; lastKnownFileType = wrapper.framework; name = CoreGraphics.framework; path = System/Library/Frameworks/CoreGraphics.framework; sourceTree = SDKROOT; };
		22577E9A198F62A100720E8B /* UIKit.framework */ = {isa = PBXFileReference; lastKnownFileType = wrapper.framework; name = UIKit.framework; path = System/Library/Frameworks/UIKit.framework; sourceTree = SDKROOT; };
		22577E9E198F62A100720E8B /* KVO_Demo-Info.plist */ = {isa = PBXFileReference; lastKnownFileType = text.plist.xml; path = "KVO_Demo-Info.plist"; sourceTree = "<group>"; };
		22577EA0198F62A100720E8B /* en */ = {isa = PBXFileReference; lastKnownFileType = text.plist.strings; name = en; path = en.lproj/InfoPlist.strings; sourceTree = "<group>"; };
		22577EA2198F62A100720E8B /* main.m */ = {isa = PBXFileReference; lastKnownFileType = sourcecode.c.objc; path = main.m; sourceTree = "<group>"; };
		22577EA4198F62A100720E8B /* KVO_Demo-Prefix.pch */ = {isa = PBXFileReference; lastKnownFileType = sourcecode.c.h; path = "KVO_Demo-Prefix.pch"; sourceTree = "<group>"; };
		22577EA5198F62A100720E8B /* MLAppDelegate.h */ = {isa = PBXFileReference; lastKnownFileType = sourcecode.c.h; path = MLAppDelegate.h; sourceTree = "<group>"; };
		22577EA6198F62A100720E8B /* MLAppDelegate.m */ = {isa = PBXFileReference; lastKnownFileType = sourcecode.c.objc; path = MLAppDelegate.m; sourceTree = "<group>"; };
		22577EA9198F62A100720E8B /* Base */ = {isa = PBXFileReference; lastKnownFileType = file.storyboard; name = Base; path = Base.lproj/Main.storyboard; sourceTree = "<group>"; };
		22577EAB198F62A100720E8B /* MLViewController.h */ = {isa = PBXFileReference; lastKnownFileType = sourcecode.c.h; path = MLViewController.h; sourceTree = "<group>"; };
		22577EAC198F62A100720E8B /* MLViewController.m */ = {isa = PBXFileReference; lastKnownFileType = sourcecode.c.objc; path = MLViewController.m; sourceTree = "<group>"; };
		22577EAE198F62A100720E8B /* Images.xcassets */ = {isa = PBXFileReference; lastKnownFileType = folder.assetcatalog; path = Images.xcassets; sourceTree = "<group>"; };
		22577EB4198F62A100720E8B /* KVO_DemoTests.xctest */ = {isa = PBXFileReference; explicitFileType = wrapper.cfbundle; includeInIndex = 0; path = KVO_DemoTests.xctest; sourceTree = BUILT_PRODUCTS_DIR; };
		22577EB5198F62A100720E8B /* XCTest.framework */ = {isa = PBXFileReference; lastKnownFileType = wrapper.framework; name = XCTest.framework; path = Library/Frameworks/XCTest.framework; sourceTree = DEVELOPER_DIR; };
		22577EBD198F62A100720E8B /* KVO_DemoTests-Info.plist */ = {isa = PBXFileReference; lastKnownFileType = text.plist.xml; path = "KVO_DemoTests-Info.plist"; sourceTree = "<group>"; };
		22577EBF198F62A100720E8B /* en */ = {isa = PBXFileReference; lastKnownFileType = text.plist.strings; name = en; path = en.lproj/InfoPlist.strings; sourceTree = "<group>"; };
		22577EC1198F62A100720E8B /* KVO_DemoTests.m */ = {isa = PBXFileReference; lastKnownFileType = sourcecode.c.objc; path = KVO_DemoTests.m; sourceTree = "<group>"; };
		22577ECB198F62BB00720E8B /* Book.h */ = {isa = PBXFileReference; fileEncoding = 4; lastKnownFileType = sourcecode.c.h; path = Book.h; sourceTree = "<group>"; };
		22577ECC198F62BB00720E8B /* Book.m */ = {isa = PBXFileReference; fileEncoding = 4; lastKnownFileType = sourcecode.c.objc; path = Book.m; sourceTree = "<group>"; };
/* End PBXFileReference section */

/* Begin PBXFrameworksBuildPhase section */
		22577E90198F62A100720E8B /* Frameworks */ = {
			isa = PBXFrameworksBuildPhase;
			buildActionMask = 2147483647;
			files = (
				22577E99198F62A100720E8B /* CoreGraphics.framework in Frameworks */,
				22577E9B198F62A100720E8B /* UIKit.framework in Frameworks */,
				22577E97198F62A100720E8B /* Foundation.framework in Frameworks */,
			);
			runOnlyForDeploymentPostprocessing = 0;
		};
		22577EB1198F62A100720E8B /* Frameworks */ = {
			isa = PBXFrameworksBuildPhase;
			buildActionMask = 2147483647;
			files = (
				22577EB6198F62A100720E8B /* XCTest.framework in Frameworks */,
				22577EB8198F62A100720E8B /* UIKit.framework in Frameworks */,
				22577EB7198F62A100720E8B /* Foundation.framework in Frameworks */,
			);
			runOnlyForDeploymentPostprocessing = 0;
		};
/* End PBXFrameworksBuildPhase section */

/* Begin PBXGroup section */
		22577E8A198F62A100720E8B = {
			isa = PBXGroup;
			children = (
				22577E9C198F62A100720E8B /* KVO_Demo */,
				22577EBB198F62A100720E8B /* KVO_DemoTests */,
				22577E95198F62A100720E8B /* Frameworks */,
				22577E94198F62A100720E8B /* Products */,
			);
			sourceTree = "<group>";
		};
		22577E94198F62A100720E8B /* Products */ = {
			isa = PBXGroup;
			children = (
				22577E93198F62A100720E8B /* KVO_Demo.app */,
				22577EB4198F62A100720E8B /* KVO_DemoTests.xctest */,
			);
			name = Products;
			sourceTree = "<group>";
		};
		22577E95198F62A100720E8B /* Frameworks */ = {
			isa = PBXGroup;
			children = (
				22577E96198F62A100720E8B /* Foundation.framework */,
				22577E98198F62A100720E8B /* CoreGraphics.framework */,
				22577E9A198F62A100720E8B /* UIKit.framework */,
				22577EB5198F62A100720E8B /* XCTest.framework */,
			);
			name = Frameworks;
			sourceTree = "<group>";
		};
		22577E9C198F62A100720E8B /* KVO_Demo */ = {
			isa = PBXGroup;
			children = (
				22577EA5198F62A100720E8B /* MLAppDelegate.h */,
				22577EA6198F62A100720E8B /* MLAppDelegate.m */,
				22577EA8198F62A100720E8B /* Main.storyboard */,
				22577EAB198F62A100720E8B /* MLViewController.h */,
				22577EAC198F62A100720E8B /* MLViewController.m */,
				22577ECB198F62BB00720E8B /* Book.h */,
				22577ECC198F62BB00720E8B /* Book.m */,
				22577EAE198F62A100720E8B /* Images.xcassets */,
				22577E9D198F62A100720E8B /* Supporting Files */,
			);
			path = KVO_Demo;
			sourceTree = "<group>";
		};
		22577E9D198F62A100720E8B /* Supporting Files */ = {
			isa = PBXGroup;
			children = (
				22577E9E198F62A100720E8B /* KVO_Demo-Info.plist */,
				22577E9F198F62A100720E8B /* InfoPlist.strings */,
				22577EA2198F62A100720E8B /* main.m */,
				22577EA4198F62A100720E8B /* KVO_Demo-Prefix.pch */,
			);
			name = "Supporting Files";
			sourceTree = "<group>";
		};
		22577EBB198F62A100720E8B /* KVO_DemoTests */ = {
			isa = PBXGroup;
			children = (
				22577EC1198F62A100720E8B /* KVO_DemoTests.m */,
				22577EBC198F62A100720E8B /* Supporting Files */,
			);
			path = KVO_DemoTests;
			sourceTree = "<group>";
		};
		22577EBC198F62A100720E8B /* Supporting Files */ = {
			isa = PBXGroup;
			children = (
				22577EBD198F62A100720E8B /* KVO_DemoTests-Info.plist */,
				22577EBE198F62A100720E8B /* InfoPlist.strings */,
			);
			name = "Supporting Files";
			sourceTree = "<group>";
		};
/* End PBXGroup section */

/* Begin PBXNativeTarget section */
		22577E92198F62A100720E8B /* KVO_Demo */ = {
			isa = PBXNativeTarget;
			buildConfigurationList = 22577EC5198F62A100720E8B /* Build configuration list for PBXNativeTarget "KVO_Demo" */;
			buildPhases = (
				22577E8F198F62A100720E8B /* Sources */,
				22577E90198F62A100720E8B /* Frameworks */,
				22577E91198F62A100720E8B /* Resources */,
			);
			buildRules = (
			);
			dependencies = (
			);
			name = KVO_Demo;
			productName = KVO_Demo;
			productReference = 22577E93198F62A100720E8B /* KVO_Demo.app */;
			productType = "com.apple.product-type.application";
		};
		22577EB3198F62A100720E8B /* KVO_DemoTests */ = {
			isa = PBXNativeTarget;
			buildConfigurationList = 22577EC8198F62A100720E8B /* Build configuration list for PBXNativeTarget "KVO_DemoTests" */;
			buildPhases = (
				22577EB0198F62A100720E8B /* Sources */,
				22577EB1198F62A100720E8B /* Frameworks */,
				22577EB2198F62A100720E8B /* Resources */,
			);
			buildRules = (
			);
			dependencies = (
				22577EBA198F62A100720E8B /* PBXTargetDependency */,
			);
			name = KVO_DemoTests;
			productName = KVO_DemoTests;
			productReference = 22577EB4198F62A100720E8B /* KVO_DemoTests.xctest */;
			productType = "com.apple.product-type.bundle.unit-test";
		};
/* End PBXNativeTarget section */

/* Begin PBXProject section */
		22577E8B198F62A100720E8B /* Project object */ = {
			isa = PBXProject;
			attributes = {
				CLASSPREFIX = ML;
				LastUpgradeCheck = 0510;
				ORGANIZATIONNAME = dongway;
				TargetAttributes = {
					22577EB3198F62A100720E8B = {
						TestTargetID = 22577E92198F62A100720E8B;
					};
				};
			};
			buildConfigurationList = 22577E8E198F62A100720E8B /* Build configuration list for PBXProject "KVO_Demo" */;
			compatibilityVersion = "Xcode 3.2";
			developmentRegion = English;
			hasScannedForEncodings = 0;
			knownRegions = (
				en,
				Base,
			);
			mainGroup = 22577E8A198F62A100720E8B;
			productRefGroup = 22577E94198F62A100720E8B /* Products */;
			projectDirPath = "";
			projectRoot = "";
			targets = (
				22577E92198F62A100720E8B /* KVO_Demo */,
				22577EB3198F62A100720E8B /* KVO_DemoTests */,
			);
		};
/* End PBXProject section */

/* Begin PBXResourcesBuildPhase section */
		22577E91198F62A100720E8B /* Resources */ = {
			isa = PBXResourcesBuildPhase;
			buildActionMask = 2147483647;
			files = (
				22577EAF198F62A100720E8B /* Images.xcassets in Resources */,
				22577EA1198F62A100720E8B /* InfoPlist.strings in Resources */,
				22577EAA198F62A100720E8B /* Main.storyboard in Resources */,
			);
			runOnlyForDeploymentPostprocessing = 0;
		};
		22577EB2198F62A100720E8B /* Resources */ = {
			isa = PBXResourcesBuildPhase;
			buildActionMask = 2147483647;
			files = (
				22577EC0198F62A100720E8B /* InfoPlist.strings in Resources */,
			);
			runOnlyForDeploymentPostprocessing = 0;
		};
/* End PBXResourcesBuildPhase section */

/* Begin PBXSourcesBuildPhase section */
		22577E8F198F62A100720E8B /* Sources */ = {
			isa = PBXSourcesBuildPhase;
			buildActionMask = 2147483647;
			files = (
				22577ECD198F62BB00720E8B /* Book.m in Sources */,
				22577EA3198F62A100720E8B /* main.m in Sources */,
				22577EAD198F62A100720E8B /* MLViewController.m in Sources */,
				22577EA7198F62A100720E8B /* MLAppDelegate.m in Sources */,
			);
			runOnlyForDeploymentPostprocessing = 0;
		};
		22577EB0198F62A100720E8B /* Sources */ = {
			isa = PBXSourcesBuildPhase;
			buildActionMask = 2147483647;
			files = (
				22577EC2198F62A100720E8B /* KVO_DemoTests.m in Sources */,
			);
			runOnlyForDeploymentPostprocessing = 0;
		};
/* End PBXSourcesBuildPhase section */

/* Begin PBXTargetDependency section */
		22577EBA198F62A100720E8B /* PBXTargetDependency */ = {
			isa = PBXTargetDependency;
			target = 22577E92198F62A100720E8B /* KVO_Demo */;
			targetProxy = 22577EB9198F62A100720E8B /* PBXContainerItemProxy */;
		};
/* End PBXTargetDependency section */

/* Begin PBXVariantGroup section */
		22577E9F198F62A100720E8B /* InfoPlist.strings */ = {
			isa = PBXVariantGroup;
			children = (
				22577EA0198F62A100720E8B /* en */,
			);
			name = InfoPlist.strings;
			sourceTree = "<group>";
		};
		22577EA8198F62A100720E8B /* Main.storyboard */ = {
			isa = PBXVariantGroup;
			children = (
				22577EA9198F62A100720E8B /* Base */,
			);
			name = Main.storyboard;
			sourceTree = "<group>";
		};
		22577EBE198F62A100720E8B /* InfoPlist.strings */ = {
			isa = PBXVariantGroup;
			children = (
				22577EBF198F62A100720E8B /* en */,
			);
			name = InfoPlist.strings;
			sourceTree = "<group>";
		};
/* End PBXVariantGroup section */

/* Begin XCBuildConfiguration section */
		22577EC3198F62A100720E8B /* Debug */ = {
			isa = XCBuildConfiguration;
			buildSettings = {
				ALWAYS_SEARCH_USER_PATHS = NO;
				CLANG_CXX_LANGUAGE_STANDARD = "gnu++0x";
				CLANG_CXX_LIBRARY = "libc++";
				CLANG_ENABLE_MODULES = YES;
				CLANG_ENABLE_OBJC_ARC = YES;
				CLANG_WARN_BOOL_CONVERSION = YES;
				CLANG_WARN_CONSTANT_CONVERSION = YES;
				CLANG_WARN_DIRECT_OBJC_ISA_USAGE = YES_ERROR;
				CLANG_WARN_EMPTY_BODY = YES;
				CLANG_WARN_ENUM_CONVERSION = YES;
				CLANG_WARN_INT_CONVERSION = YES;
				CLANG_WARN_OBJC_ROOT_CLASS = YES_ERROR;
				CLANG_WARN__DUPLICATE_METHOD_MATCH = YES;
				"CODE_SIGN_IDENTITY[sdk=iphoneos*]" = "iPhone Developer";
				COPY_PHASE_STRIP = NO;
				GCC_C_LANGUAGE_STANDARD = gnu99;
				GCC_DYNAMIC_NO_PIC = NO;
				GCC_OPTIMIZATION_LEVEL = 0;
				GCC_PREPROCESSOR_DEFINITIONS = (
					"DEBUG=1",
					"$(inherited)",
				);
				GCC_SYMBOLS_PRIVATE_EXTERN = NO;
				GCC_WARN_64_TO_32_BIT_CONVERSION = YES;
				GCC_WARN_ABOUT_RETURN_TYPE = YES_ERROR;
				GCC_WARN_UNDECLARED_SELECTOR = YES;
				GCC_WARN_UNINITIALIZED_AUTOS = YES_AGGRESSIVE;
				GCC_WARN_UNUSED_FUNCTION = YES;
				GCC_WARN_UNUSED_VARIABLE = YES;
				IPHONEOS_DEPLOYMENT_TARGET = 7.1;
				ONLY_ACTIVE_ARCH = YES;
				SDKROOT = iphoneos;
			};
			name = Debug;
		};
		22577EC4198F62A100720E8B /* Release */ = {
			isa = XCBuildConfiguration;
			buildSettings = {
				ALWAYS_SEARCH_USER_PATHS = NO;
				CLANG_CXX_LANGUAGE_STANDARD = "gnu++0x";
				CLANG_CXX_LIBRARY = "libc++";
				CLANG_ENABLE_MODULES = YES;
				CLANG_ENABLE_OBJC_ARC = YES;
				CLANG_WARN_BOOL_CONVERSION = YES;
				CLANG_WARN_CONSTANT_CONVERSION = YES;
				CLANG_WARN_DIRECT_OBJC_ISA_USAGE = YES_ERROR;
				CLANG_WARN_EMPTY_BODY = YES;
				CLANG_WARN_ENUM_CONVERSION = YES;
				CLANG_WARN_INT_CONVERSION = YES;
				CLANG_WARN_OBJC_ROOT_CLASS = YES_ERROR;
				CLANG_WARN__DUPLICATE_METHOD_MATCH = YES;
				"CODE_SIGN_IDENTITY[sdk=iphoneos*]" = "iPhone Developer";
				COPY_PHASE_STRIP = YES;
				ENABLE_NS_ASSERTIONS = NO;
				GCC_C_LANGUAGE_STANDARD = gnu99;
				GCC_WARN_64_TO_32_BIT_CONVERSION = YES;
				GCC_WARN_ABOUT_RETURN_TYPE = YES_ERROR;
				GCC_WARN_UNDECLARED_SELECTOR = YES;
				GCC_WARN_UNINITIALIZED_AUTOS = YES_AGGRESSIVE;
				GCC_WARN_UNUSED_FUNCTION = YES;
				GCC_WARN_UNUSED_VARIABLE = YES;
				IPHONEOS_DEPLOYMENT_TARGET = 7.1;
				SDKROOT = iphoneos;
				VALIDATE_PRODUCT = YES;
			};
			name = Release;
		};
		22577EC6198F62A100720E8B /* Debug */ = {
			isa = XCBuildConfiguration;
			buildSettings = {
				ASSETCATALOG_COMPILER_APPICON_NAME = AppIcon;
				ASSETCATALOG_COMPILER_LAUNCHIMAGE_NAME = LaunchImage;
				GCC_PRECOMPILE_PREFIX_HEADER = YES;
				GCC_PREFIX_HEADER = "KVO_Demo/KVO_Demo-Prefix.pch";
				INFOPLIST_FILE = "KVO_Demo/KVO_Demo-Info.plist";
				PRODUCT_NAME = "$(TARGET_NAME)";
				WRAPPER_EXTENSION = app;
			};
			name = Debug;
		};
		22577EC7198F62A100720E8B /* Release */ = {
			isa = XCBuildConfiguration;
			buildSettings = {
				ASSETCATALOG_COMPILER_APPICON_NAME = AppIcon;
				ASSETCATALOG_COMPILER_LAUNCHIMAGE_NAME = LaunchImage;
				GCC_PRECOMPILE_PREFIX_HEADER = YES;
				GCC_PREFIX_HEADER = "KVO_Demo/KVO_Demo-Prefix.pch";
				INFOPLIST_FILE = "KVO_Demo/KVO_Demo-Info.plist";
				PRODUCT_NAME = "$(TARGET_NAME)";
				WRAPPER_EXTENSION = app;
			};
			name = Release;
		};
		22577EC9198F62A100720E8B /* Debug */ = {
			isa = XCBuildConfiguration;
			buildSettings = {
				BUNDLE_LOADER = "$(BUILT_PRODUCTS_DIR)/KVO_Demo.app/KVO_Demo";
				FRAMEWORK_SEARCH_PATHS = (
					"$(SDKROOT)/Developer/Library/Frameworks",
					"$(inherited)",
					"$(DEVELOPER_FRAMEWORKS_DIR)",
				);
				GCC_PRECOMPILE_PREFIX_HEADER = YES;
				GCC_PREFIX_HEADER = "KVO_Demo/KVO_Demo-Prefix.pch";
				GCC_PREPROCESSOR_DEFINITIONS = (
					"DEBUG=1",
					"$(inherited)",
				);
				INFOPLIST_FILE = "KVO_DemoTests/KVO_DemoTests-Info.plist";
				PRODUCT_NAME = "$(TARGET_NAME)";
				TEST_HOST = "$(BUNDLE_LOADER)";
				WRAPPER_EXTENSION = xctest;
			};
			name = Debug;
		};
		22577ECA198F62A100720E8B /* Release */ = {
			isa = XCBuildConfiguration;
			buildSettings = {
				BUNDLE_LOADER = "$(BUILT_PRODUCTS_DIR)/KVO_Demo.app/KVO_Demo";
				FRAMEWORK_SEARCH_PATHS = (
					"$(SDKROOT)/Developer/Library/Frameworks",
					"$(inherited)",
					"$(DEVELOPER_FRAMEWORKS_DIR)",
				);
				GCC_PRECOMPILE_PREFIX_HEADER = YES;
				GCC_PREFIX_HEADER = "KVO_Demo/KVO_Demo-Prefix.pch";
				INFOPLIST_FILE = "KVO_DemoTests/KVO_DemoTests-Info.plist";
				PRODUCT_NAME = "$(TARGET_NAME)";
				TEST_HOST = "$(BUNDLE_LOADER)";
				WRAPPER_EXTENSION = xctest;
			};
			name = Release;
		};
/* End XCBuildConfiguration section */

/* Begin XCConfigurationList section */
		22577E8E198F62A100720E8B /* Build configuration list for PBXProject "KVO_Demo" */ = {
			isa = XCConfigurationList;
			buildConfigurations = (
				22577EC3198F62A100720E8B /* Debug */,
				22577EC4198F62A100720E8B /* Release */,
			);
			defaultConfigurationIsVisible = 0;
			defaultConfigurationName = Release;
		};
		22577EC5198F62A100720E8B /* Build configuration list for PBXNativeTarget "KVO_Demo" */ = {
			isa = XCConfigurationList;
			buildConfigurations = (
				22577EC6198F62A100720E8B /* Debug */,
				22577EC7198F62A100720E8B /* Release */,
			);
			defaultConfigurationIsVisible = 0;
		};
		22577EC8198F62A100720E8B /* Build configuration list for PBXNativeTarget "KVO_DemoTests" */ = {
			isa = XCConfigurationList;
			buildConfigurations = (
				22577EC9198F62A100720E8B /* Debug */,
				22577ECA198F62A100720E8B /* Release */,
			);
			defaultConfigurationIsVisible = 0;
		};
/* End XCConfigurationList section */
	};
	rootObject = 22577E8B198F62A100720E8B /* Project object */;
}
